
Microsoft Visual Studio Solution File, Format Version 12.00
# Visual Studio Version 16
VisualStudioVersion = 16.0.31321.278
MinimumVisualStudioVersion = 10.0.40219.1
Project("{FAE04EC0-301F-11D3-BF4B-00C04F79EFBC}") = "GUI", "QLSV_EF\GUI.csproj", "{14800751-F028-411E-8864-40DF1157B89F}"
EndProject
Project("{FAE04EC0-301F-11D3-BF4B-00C04F79EFBC}") = "BLL", "BLL\BLL.csproj", "{EBABDFAD-966E-4EA5-BEB9-BDCE43E638C5}"
EndProject
Project("{FAE04EC0-301F-11D3-BF4B-00C04F79EFBC}") = "DAL", "DAL\DAL.csproj", "{5F60716E-762F-4BED-8164-D9CBF70B4D58}"
EndProject
Project("{FAE04EC0-301F-11D3-BF4B-00C04F79EFBC}") = "DTO", "DTO\DTO.csproj", "{9BE3DA58-9656-4287-A58B-545CB061BE14}"
EndProject
Global
	GlobalSection(SolutionConfigurationPlatforms) = preSolution
		Debug|Any CPU = Debug|Any CPU
		Release|Any CPU = Release|Any CPU
	EndGlobalSection
	GlobalSection(ProjectConfigurationPlatforms) = postSolution
		{14800751-F028-411E-8864-40DF1157B89F}.Debug|Any CPU.ActiveCfg = Debug|Any CPU
		{14800751-F028-411E-8864-40DF1157B89F}.Debug|Any CPU.Build.0 = Debug|Any CPU
		{14800751-F028-411E-8864-40DF1157B89F}.Release|Any CPU.ActiveCfg = Release|Any CPU
		{14800751-F028-411E-8864-40DF1157B89F}.Release|Any CPU.Build.0 = Release|Any CPU
		{EBABDFAD-966E-4EA5-BEB9-BDCE43E638C5}.Debug|Any CPU.ActiveCfg = Debug|Any CPU
		{EBABDFAD-966E-4EA5-BEB9-BDCE43E638C5}.Debug|Any CPU.Build.0 = Debug|Any CPU
		{EBABDFAD-966E-4EA5-BEB9-BDCE43E638C5}.Release|Any CPU.ActiveCfg = Release|Any CPU
		{EBABDFAD-966E-4EA5-BEB9-BDCE43E638C5}.Release|Any CPU.Build.0 = Release|Any CPU
		{5F60716E-762F-4BED-8164-D9CBF70B4D58}.Debug|Any CPU.ActiveCfg = Debug|Any CPU
		{5F60716E-762F-4BED-8164-D9CBF70B4D58}.Debug|Any CPU.Build.0 = Debug|Any CPU
		{5F60716E-762F-4BED-8164-D9CBF70B4D58}.Release|Any CPU.ActiveCfg = Release|Any CPU
		{5F60716E-762F-4BED-8164-D9CBF70B4D58}.Release|Any CPU.Build.0 = Release|Any CPU
		{9BE3DA58-9656-4287-A58B-545CB061BE14}.Debug|Any CPU.ActiveCfg = Debug|Any CPU
		{9BE3DA58-9656-4287-A58B-545CB061BE14}.Debug|Any CPU.Build.0 = Debug|Any CPU
		{9BE3DA58-9656-4287-A58B-545CB061BE14}.Release|Any CPU.ActiveCfg = Release|Any CPU
		{9BE3DA58-9656-4287-A58B-545CB061BE14}.Release|Any CPU.Build.0 = Release|Any CPU
	EndGlobalSection
	GlobalSection(SolutionProperties) = preSolution
		HideSolutionNode = FALSE
	EndGlobalSection
	GlobalSection(ExtensibilityGlobals) = postSolution
		SolutionGuid = {18274A26-3702-4A67-A642-AC70D3B96AA8}
	EndGlobalSection
EndGlobal
